// !$*UTF8*$!
{
	archiveVersion = 1;
	classes = {
	};
	objectVersion = 48;
	objects = {

/* Begin PBXBuildFile section */
		3099A54A827C3BCAB4A0D612 /* Pods_SwiftChatUITests.framework in Frameworks */ = {isa = PBXBuildFile; fileRef = B427E3507F7A553DA0188D1D /* Pods_SwiftChatUITests.framework */; };
		9ED7EA05E3A51B6F116487A4 /* Pods_SwiftChat.framework in Frameworks */ = {isa = PBXBuildFile; fileRef = 46CE1F66909850A560118819 /* Pods_SwiftChat.framework */; };
		B1A617FA49F97AD290451537 /* Pods_SwiftChatTests.framework in Frameworks */ = {isa = PBXBuildFile; fileRef = B57A102629CFD5B4F52D6897 /* Pods_SwiftChatTests.framework */; };
		FC48CD3B202559FD00C680F9 /* ComposeMessageController.swift in Sources */ = {isa = PBXBuildFile; fileRef = FC48CD33202559FC00C680F9 /* ComposeMessageController.swift */; };
		FC48CD3C202559FD00C680F9 /* Message.swift in Sources */ = {isa = PBXBuildFile; fileRef = FC48CD34202559FC00C680F9 /* Message.swift */; };
		FC48CD3D202559FD00C680F9 /* User.swift in Sources */ = {isa = PBXBuildFile; fileRef = FC48CD35202559FC00C680F9 /* User.swift */; };
		FC48CD3E202559FD00C680F9 /* UserTableCell.swift in Sources */ = {isa = PBXBuildFile; fileRef = FC48CD36202559FD00C680F9 /* UserTableCell.swift */; };
		FC48CD3F202559FD00C680F9 /* ChatMessageCell.swift in Sources */ = {isa = PBXBuildFile; fileRef = FC48CD37202559FD00C680F9 /* ChatMessageCell.swift */; };
		FC48CD40202559FD00C680F9 /* ChatLogController.swift in Sources */ = {isa = PBXBuildFile; fileRef = FC48CD38202559FD00C680F9 /* ChatLogController.swift */; };
		FC6243AA2043685B00B70740 /* OnlineUsersTableVC.swift in Sources */ = {isa = PBXBuildFile; fileRef = FC6243A92043685B00B70740 /* OnlineUsersTableVC.swift */; };
		FC6382A0201ECA4400D4630A /* GoogleService-Info.plist in Resources */ = {isa = PBXBuildFile; fileRef = FC63829F201ECA4300D4630A /* GoogleService-Info.plist */; };
		FC7D52A1201A3A4300808C95 /* AppDelegate.swift in Sources */ = {isa = PBXBuildFile; fileRef = FC7D52A0201A3A4300808C95 /* AppDelegate.swift */; };
		FC7D52A3201A3A4300808C95 /* MessagesTableVC.swift in Sources */ = {isa = PBXBuildFile; fileRef = FC7D52A2201A3A4300808C95 /* MessagesTableVC.swift */; };
		FC7D52A8201A3A4300808C95 /* Main.storyboard in Resources */ = {isa = PBXBuildFile; fileRef = FC7D52A6201A3A4300808C95 /* Main.storyboard */; };
		FC7D52AA201A3A4300808C95 /* Assets.xcassets in Resources */ = {isa = PBXBuildFile; fileRef = FC7D52A9201A3A4300808C95 /* Assets.xcassets */; };
		FC7D52AD201A3A4300808C95 /* LaunchScreen.storyboard in Resources */ = {isa = PBXBuildFile; fileRef = FC7D52AB201A3A4300808C95 /* LaunchScreen.storyboard */; };
		FC7D52B8201A3A4400808C95 /* SwiftChatTests.swift in Sources */ = {isa = PBXBuildFile; fileRef = FC7D52B7201A3A4400808C95 /* SwiftChatTests.swift */; };
		FC7D52C3201A3A4400808C95 /* SwiftChatUITests.swift in Sources */ = {isa = PBXBuildFile; fileRef = FC7D52C2201A3A4400808C95 /* SwiftChatUITests.swift */; };
		FC7D52D1201A4A1200808C95 /* LoginController.swift in Sources */ = {isa = PBXBuildFile; fileRef = FC7D52D0201A4A1200808C95 /* LoginController.swift */; };
/* End PBXBuildFile section */

/* Begin PBXContainerItemProxy section */
		FC7D52B4201A3A4400808C95 /* PBXContainerItemProxy */ = {
			isa = PBXContainerItemProxy;
			containerPortal = FC7D5295201A3A4300808C95 /* Project object */;
			proxyType = 1;
			remoteGlobalIDString = FC7D529C201A3A4300808C95;
			remoteInfo = SwiftChat;
		};
		FC7D52BF201A3A4400808C95 /* PBXContainerItemProxy */ = {
			isa = PBXContainerItemProxy;
			containerPortal = FC7D5295201A3A4300808C95 /* Project object */;
			proxyType = 1;
			remoteGlobalIDString = FC7D529C201A3A4300808C95;
			remoteInfo = SwiftChat;
		};
/* End PBXContainerItemProxy section */

/* Begin PBXFileReference section */
		1C5022E449EA41531C5F1972 /* Pods-SwiftChatTests.debug.xcconfig */ = {isa = PBXFileReference; includeInIndex = 1; lastKnownFileType = text.xcconfig; name = "Pods-SwiftChatTests.debug.xcconfig"; path = "Pods/Target Support Files/Pods-SwiftChatTests/Pods-SwiftChatTests.debug.xcconfig"; sourceTree = "<group>"; };
		46CE1F66909850A560118819 /* Pods_SwiftChat.framework */ = {isa = PBXFileReference; explicitFileType = wrapper.framework; includeInIndex = 0; path = Pods_SwiftChat.framework; sourceTree = BUILT_PRODUCTS_DIR; };
		8304772433E4F5ED210C976C /* Pods-SwiftChat.release.xcconfig */ = {isa = PBXFileReference; includeInIndex = 1; lastKnownFileType = text.xcconfig; name = "Pods-SwiftChat.release.xcconfig"; path = "Pods/Target Support Files/Pods-SwiftChat/Pods-SwiftChat.release.xcconfig"; sourceTree = "<group>"; };
		83311D31F281E94C5AD5653F /* Pods-SwiftChatUITests.release.xcconfig */ = {isa = PBXFileReference; includeInIndex = 1; lastKnownFileType = text.xcconfig; name = "Pods-SwiftChatUITests.release.xcconfig"; path = "Pods/Target Support Files/Pods-SwiftChatUITests/Pods-SwiftChatUITests.release.xcconfig"; sourceTree = "<group>"; };
		8BB07DD7BD5E83D423498634 /* Pods-SwiftChatTests.release.xcconfig */ = {isa = PBXFileReference; includeInIndex = 1; lastKnownFileType = text.xcconfig; name = "Pods-SwiftChatTests.release.xcconfig"; path = "Pods/Target Support Files/Pods-SwiftChatTests/Pods-SwiftChatTests.release.xcconfig"; sourceTree = "<group>"; };
		8BB948B1F2939072A2769244 /* Pods-SwiftChat.debug.xcconfig */ = {isa = PBXFileReference; includeInIndex = 1; lastKnownFileType = text.xcconfig; name = "Pods-SwiftChat.debug.xcconfig"; path = "Pods/Target Support Files/Pods-SwiftChat/Pods-SwiftChat.debug.xcconfig"; sourceTree = "<group>"; };
		99FBA7DC62F20793B47C5BD9 /* Pods-SwiftChatUITests.debug.xcconfig */ = {isa = PBXFileReference; includeInIndex = 1; lastKnownFileType = text.xcconfig; name = "Pods-SwiftChatUITests.debug.xcconfig"; path = "Pods/Target Support Files/Pods-SwiftChatUITests/Pods-SwiftChatUITests.debug.xcconfig"; sourceTree = "<group>"; };
		B427E3507F7A553DA0188D1D /* Pods_SwiftChatUITests.framework */ = {isa = PBXFileReference; explicitFileType = wrapper.framework; includeInIndex = 0; path = Pods_SwiftChatUITests.framework; sourceTree = BUILT_PRODUCTS_DIR; };
		B57A102629CFD5B4F52D6897 /* Pods_SwiftChatTests.framework */ = {isa = PBXFileReference; explicitFileType = wrapper.framework; includeInIndex = 0; path = Pods_SwiftChatTests.framework; sourceTree = BUILT_PRODUCTS_DIR; };
		FC48CD33202559FC00C680F9 /* ComposeMessageController.swift */ = {isa = PBXFileReference; fileEncoding = 4; lastKnownFileType = sourcecode.swift; path = ComposeMessageController.swift; sourceTree = "<group>"; };
		FC48CD34202559FC00C680F9 /* Message.swift */ = {isa = PBXFileReference; fileEncoding = 4; lastKnownFileType = sourcecode.swift; path = Message.swift; sourceTree = "<group>"; };
		FC48CD35202559FC00C680F9 /* User.swift */ = {isa = PBXFileReference; fileEncoding = 4; lastKnownFileType = sourcecode.swift; path = User.swift; sourceTree = "<group>"; };
		FC48CD36202559FD00C680F9 /* UserTableCell.swift */ = {isa = PBXFileReference; fileEncoding = 4; lastKnownFileType = sourcecode.swift; path = UserTableCell.swift; sourceTree = "<group>"; };
		FC48CD37202559FD00C680F9 /* ChatMessageCell.swift */ = {isa = PBXFileReference; fileEncoding = 4; lastKnownFileType = sourcecode.swift; path = ChatMessageCell.swift; sourceTree = "<group>"; };
		FC48CD38202559FD00C680F9 /* ChatLogController.swift */ = {isa = PBXFileReference; fileEncoding = 4; lastKnownFileType = sourcecode.swift; path = ChatLogController.swift; sourceTree = "<group>"; };
		FC6243A92043685B00B70740 /* OnlineUsersTableVC.swift */ = {isa = PBXFileReference; lastKnownFileType = sourcecode.swift; path = OnlineUsersTableVC.swift; sourceTree = "<group>"; };
		FC63829F201ECA4300D4630A /* GoogleService-Info.plist */ = {isa = PBXFileReference; fileEncoding = 4; lastKnownFileType = text.plist.xml; path = "GoogleService-Info.plist"; sourceTree = "<group>"; };
		FC7D529D201A3A4300808C95 /* SwiftChat.app */ = {isa = PBXFileReference; explicitFileType = wrapper.application; includeInIndex = 0; path = SwiftChat.app; sourceTree = BUILT_PRODUCTS_DIR; };
		FC7D52A0201A3A4300808C95 /* AppDelegate.swift */ = {isa = PBXFileReference; lastKnownFileType = sourcecode.swift; path = AppDelegate.swift; sourceTree = "<group>"; };
		FC7D52A2201A3A4300808C95 /* MessagesTableVC.swift */ = {isa = PBXFileReference; lastKnownFileType = sourcecode.swift; path = MessagesTableVC.swift; sourceTree = "<group>"; };
		FC7D52A7201A3A4300808C95 /* Base */ = {isa = PBXFileReference; lastKnownFileType = file.storyboard; name = Base; path = Base.lproj/Main.storyboard; sourceTree = "<group>"; };
		FC7D52A9201A3A4300808C95 /* Assets.xcassets */ = {isa = PBXFileReference; lastKnownFileType = folder.assetcatalog; path = Assets.xcassets; sourceTree = "<group>"; };
		FC7D52AC201A3A4300808C95 /* Base */ = {isa = PBXFileReference; lastKnownFileType = file.storyboard; name = Base; path = Base.lproj/LaunchScreen.storyboard; sourceTree = "<group>"; };
		FC7D52AE201A3A4300808C95 /* Info.plist */ = {isa = PBXFileReference; lastKnownFileType = text.plist.xml; path = Info.plist; sourceTree = "<group>"; };
		FC7D52B3201A3A4400808C95 /* SwiftChatTests.xctest */ = {isa = PBXFileReference; explicitFileType = wrapper.cfbundle; includeInIndex = 0; path = SwiftChatTests.xctest; sourceTree = BUILT_PRODUCTS_DIR; };
		FC7D52B7201A3A4400808C95 /* SwiftChatTests.swift */ = {isa = PBXFileReference; lastKnownFileType = sourcecode.swift; path = SwiftChatTests.swift; sourceTree = "<group>"; };
		FC7D52B9201A3A4400808C95 /* Info.plist */ = {isa = PBXFileReference; lastKnownFileType = text.plist.xml; path = Info.plist; sourceTree = "<group>"; };
		FC7D52BE201A3A4400808C95 /* SwiftChatUITests.xctest */ = {isa = PBXFileReference; explicitFileType = wrapper.cfbundle; includeInIndex = 0; path = SwiftChatUITests.xctest; sourceTree = BUILT_PRODUCTS_DIR; };
		FC7D52C2201A3A4400808C95 /* SwiftChatUITests.swift */ = {isa = PBXFileReference; lastKnownFileType = sourcecode.swift; path = SwiftChatUITests.swift; sourceTree = "<group>"; };
		FC7D52C4201A3A4400808C95 /* Info.plist */ = {isa = PBXFileReference; lastKnownFileType = text.plist.xml; path = Info.plist; sourceTree = "<group>"; };
		FC7D52D0201A4A1200808C95 /* LoginController.swift */ = {isa = PBXFileReference; lastKnownFileType = sourcecode.swift; path = LoginController.swift; sourceTree = "<group>"; };
/* End PBXFileReference section */

/* Begin PBXFrameworksBuildPhase section */
		FC7D529A201A3A4300808C95 /* Frameworks */ = {
			isa = PBXFrameworksBuildPhase;
			buildActionMask = 2147483647;
			files = (
				9ED7EA05E3A51B6F116487A4 /* Pods_SwiftChat.framework in Frameworks */,
			);
			runOnlyForDeploymentPostprocessing = 0;
		};
		FC7D52B0201A3A4400808C95 /* Frameworks */ = {
			isa = PBXFrameworksBuildPhase;
			buildActionMask = 2147483647;
			files = (
				B1A617FA49F97AD290451537 /* Pods_SwiftChatTests.framework in Frameworks */,
			);
			runOnlyForDeploymentPostprocessing = 0;
		};
		FC7D52BB201A3A4400808C95 /* Frameworks */ = {
			isa = PBXFrameworksBuildPhase;
			buildActionMask = 2147483647;
			files = (
				3099A54A827C3BCAB4A0D612 /* Pods_SwiftChatUITests.framework in Frameworks */,
			);
			runOnlyForDeploymentPostprocessing = 0;
		};
/* End PBXFrameworksBuildPhase section */

/* Begin PBXGroup section */
		61295D3D19CF419A0AD6AD76 /* Pods */ = {
			isa = PBXGroup;
			children = (
				8BB948B1F2939072A2769244 /* Pods-SwiftChat.debug.xcconfig */,
				8304772433E4F5ED210C976C /* Pods-SwiftChat.release.xcconfig */,
				1C5022E449EA41531C5F1972 /* Pods-SwiftChatTests.debug.xcconfig */,
				8BB07DD7BD5E83D423498634 /* Pods-SwiftChatTests.release.xcconfig */,
				99FBA7DC62F20793B47C5BD9 /* Pods-SwiftChatUITests.debug.xcconfig */,
				83311D31F281E94C5AD5653F /* Pods-SwiftChatUITests.release.xcconfig */,
			);
			name = Pods;
			sourceTree = "<group>";
		};
		689924F1D0CA855AACFEB6F9 /* Frameworks */ = {
			isa = PBXGroup;
			children = (
				46CE1F66909850A560118819 /* Pods_SwiftChat.framework */,
				B57A102629CFD5B4F52D6897 /* Pods_SwiftChatTests.framework */,
				B427E3507F7A553DA0188D1D /* Pods_SwiftChatUITests.framework */,
			);
			name = Frameworks;
			sourceTree = "<group>";
		};
		FC7D5294201A3A4300808C95 = {
			isa = PBXGroup;
			children = (
				FC7D529F201A3A4300808C95 /* SwiftChat */,
				FC7D52B6201A3A4400808C95 /* SwiftChatTests */,
				FC7D52C1201A3A4400808C95 /* SwiftChatUITests */,
				FC7D529E201A3A4300808C95 /* Products */,
				61295D3D19CF419A0AD6AD76 /* Pods */,
				689924F1D0CA855AACFEB6F9 /* Frameworks */,
			);
			sourceTree = "<group>";
		};
		FC7D529E201A3A4300808C95 /* Products */ = {
			isa = PBXGroup;
			children = (
				FC7D529D201A3A4300808C95 /* SwiftChat.app */,
				FC7D52B3201A3A4400808C95 /* SwiftChatTests.xctest */,
				FC7D52BE201A3A4400808C95 /* SwiftChatUITests.xctest */,
			);
			name = Products;
			sourceTree = "<group>";
		};
		FC7D529F201A3A4300808C95 /* SwiftChat */ = {
			isa = PBXGroup;
			children = (
				FC7D52A0201A3A4300808C95 /* AppDelegate.swift */,
				FCE84EF620470855006561D2 /* Data Objects */,
				FCE84EF320470823006561D2 /* Views */,
				FC7D52A6201A3A4300808C95 /* Main.storyboard */,
				FC7D52A9201A3A4300808C95 /* Assets.xcassets */,
				FC7D52AB201A3A4300808C95 /* LaunchScreen.storyboard */,
				FC7D52AE201A3A4300808C95 /* Info.plist */,
				FC63829F201ECA4300D4630A /* GoogleService-Info.plist */,
			);
			path = SwiftChat;
			sourceTree = "<group>";
		};
		FC7D52B6201A3A4400808C95 /* SwiftChatTests */ = {
			isa = PBXGroup;
			children = (
				FC7D52B7201A3A4400808C95 /* SwiftChatTests.swift */,
				FC7D52B9201A3A4400808C95 /* Info.plist */,
			);
			path = SwiftChatTests;
			sourceTree = "<group>";
		};
		FC7D52C1201A3A4400808C95 /* SwiftChatUITests */ = {
			isa = PBXGroup;
			children = (
				FC7D52C2201A3A4400808C95 /* SwiftChatUITests.swift */,
				FC7D52C4201A3A4400808C95 /* Info.plist */,
			);
			path = SwiftChatUITests;
			sourceTree = "<group>";
		};
		FCB5A3142048784700289CFF /* Controllers */ = {
			isa = PBXGroup;
			children = (
				FC7D52D0201A4A1200808C95 /* LoginController.swift */,
				FC48CD38202559FD00C680F9 /* ChatLogController.swift */,
				FC48CD33202559FC00C680F9 /* ComposeMessageController.swift */,
			);
			path = Controllers;
			sourceTree = "<group>";
		};
		FCE84EF320470823006561D2 /* Views */ = {
			isa = PBXGroup;
			children = (
				FCB5A3142048784700289CFF /* Controllers */,
				FCE84EF820474BDE006561D2 /* Table */,
			);
			path = Views;
			sourceTree = "<group>";
		};
		FCE84EF620470855006561D2 /* Data Objects */ = {
			isa = PBXGroup;
			children = (
				FC48CD34202559FC00C680F9 /* Message.swift */,
				FC48CD35202559FC00C680F9 /* User.swift */,
			);
			path = "Data Objects";
			sourceTree = "<group>";
		};
		FCE84EF820474BDE006561D2 /* Table */ = {
			isa = PBXGroup;
			children = (
				FC6243A92043685B00B70740 /* OnlineUsersTableVC.swift */,
				FC7D52A2201A3A4300808C95 /* MessagesTableVC.swift */,
				FCE84EFA204873E2006561D2 /* Table Cells */,
			);
			path = Table;
			sourceTree = "<group>";
		};
		FCE84EFA204873E2006561D2 /* Table Cells */ = {
			isa = PBXGroup;
			children = (
				FC48CD36202559FD00C680F9 /* UserTableCell.swift */,
				FC48CD37202559FD00C680F9 /* ChatMessageCell.swift */,
			);
			path = "Table Cells";
			sourceTree = "<group>";
		};
/* End PBXGroup section */

/* Begin PBXNativeTarget section */
		FC7D529C201A3A4300808C95 /* SwiftChat */ = {
			isa = PBXNativeTarget;
			buildConfigurationList = FC7D52C7201A3A4400808C95 /* Build configuration list for PBXNativeTarget "SwiftChat" */;
			buildPhases = (
				143B5D9812B72DF266BEC82E /* [CP] Check Pods Manifest.lock */,
				FC7D5299201A3A4300808C95 /* Sources */,
				FC7D529A201A3A4300808C95 /* Frameworks */,
				FC7D529B201A3A4300808C95 /* Resources */,
				BD142A3993EB84154421430C /* [CP] Embed Pods Frameworks */,
				AB6C20D0CB071D8615F99A6B /* [CP] Copy Pods Resources */,
			);
			buildRules = (
			);
			dependencies = (
			);
			name = SwiftChat;
			productName = SwiftChat;
			productReference = FC7D529D201A3A4300808C95 /* SwiftChat.app */;
			productType = "com.apple.product-type.application";
		};
		FC7D52B2201A3A4400808C95 /* SwiftChatTests */ = {
			isa = PBXNativeTarget;
			buildConfigurationList = FC7D52CA201A3A4400808C95 /* Build configuration list for PBXNativeTarget "SwiftChatTests" */;
			buildPhases = (
				D2B3AC5070B72B436D5A04AF /* [CP] Check Pods Manifest.lock */,
				FC7D52AF201A3A4400808C95 /* Sources */,
				FC7D52B0201A3A4400808C95 /* Frameworks */,
				FC7D52B1201A3A4400808C95 /* Resources */,
				8577710FA55B2DC84CCCC411 /* [CP] Embed Pods Frameworks */,
				3C61D3E88FF5DCEB41C007C4 /* [CP] Copy Pods Resources */,
			);
			buildRules = (
			);
			dependencies = (
				FC7D52B5201A3A4400808C95 /* PBXTargetDependency */,
			);
			name = SwiftChatTests;
			productName = SwiftChatTests;
			productReference = FC7D52B3201A3A4400808C95 /* SwiftChatTests.xctest */;
			productType = "com.apple.product-type.bundle.unit-test";
		};
		FC7D52BD201A3A4400808C95 /* SwiftChatUITests */ = {
			isa = PBXNativeTarget;
			buildConfigurationList = FC7D52CD201A3A4400808C95 /* Build configuration list for PBXNativeTarget "SwiftChatUITests" */;
			buildPhases = (
				2F74EB26A247EA8C7D059C8F /* [CP] Check Pods Manifest.lock */,
				FC7D52BA201A3A4400808C95 /* Sources */,
				FC7D52BB201A3A4400808C95 /* Frameworks */,
				FC7D52BC201A3A4400808C95 /* Resources */,
				E8EC747D903EEAE9CBC916DC /* [CP] Embed Pods Frameworks */,
				E68868368ED0D2480E7A111D /* [CP] Copy Pods Resources */,
			);
			buildRules = (
			);
			dependencies = (
				FC7D52C0201A3A4400808C95 /* PBXTargetDependency */,
			);
			name = SwiftChatUITests;
			productName = SwiftChatUITests;
			productReference = FC7D52BE201A3A4400808C95 /* SwiftChatUITests.xctest */;
			productType = "com.apple.product-type.bundle.ui-testing";
		};
/* End PBXNativeTarget section */

/* Begin PBXProject section */
		FC7D5295201A3A4300808C95 /* Project object */ = {
			isa = PBXProject;
			attributes = {
				LastSwiftUpdateCheck = 0910;
				LastUpgradeCheck = 0910;
				ORGANIZATIONNAME = "Jon Reed";
				TargetAttributes = {
					FC7D529C201A3A4300808C95 = {
						CreatedOnToolsVersion = 9.1;
						ProvisioningStyle = Manual;
					};
					FC7D52B2201A3A4400808C95 = {
						CreatedOnToolsVersion = 9.1;
						ProvisioningStyle = Automatic;
						TestTargetID = FC7D529C201A3A4300808C95;
					};
					FC7D52BD201A3A4400808C95 = {
						CreatedOnToolsVersion = 9.1;
						ProvisioningStyle = Automatic;
						TestTargetID = FC7D529C201A3A4300808C95;
					};
				};
			};
			buildConfigurationList = FC7D5298201A3A4300808C95 /* Build configuration list for PBXProject "SwiftChat" */;
			compatibilityVersion = "Xcode 8.0";
			developmentRegion = en;
			hasScannedForEncodings = 0;
			knownRegions = (
				en,
				Base,
			);
			mainGroup = FC7D5294201A3A4300808C95;
			productRefGroup = FC7D529E201A3A4300808C95 /* Products */;
			projectDirPath = "";
			projectRoot = "";
			targets = (
				FC7D529C201A3A4300808C95 /* SwiftChat */,
				FC7D52B2201A3A4400808C95 /* SwiftChatTests */,
				FC7D52BD201A3A4400808C95 /* SwiftChatUITests */,
			);
		};
/* End PBXProject section */

/* Begin PBXResourcesBuildPhase section */
		FC7D529B201A3A4300808C95 /* Resources */ = {
			isa = PBXResourcesBuildPhase;
			buildActionMask = 2147483647;
			files = (
				FC7D52AD201A3A4300808C95 /* LaunchScreen.storyboard in Resources */,
				FC6382A0201ECA4400D4630A /* GoogleService-Info.plist in Resources */,
				FC7D52AA201A3A4300808C95 /* Assets.xcassets in Resources */,
				FC7D52A8201A3A4300808C95 /* Main.storyboard in Resources */,
			);
			runOnlyForDeploymentPostprocessing = 0;
		};
		FC7D52B1201A3A4400808C95 /* Resources */ = {
			isa = PBXResourcesBuildPhase;
			buildActionMask = 2147483647;
			files = (
			);
			runOnlyForDeploymentPostprocessing = 0;
		};
		FC7D52BC201A3A4400808C95 /* Resources */ = {
			isa = PBXResourcesBuildPhase;
			buildActionMask = 2147483647;
			files = (
			);
			runOnlyForDeploymentPostprocessing = 0;
		};
/* End PBXResourcesBuildPhase section */

/* Begin PBXShellScriptBuildPhase section */
		143B5D9812B72DF266BEC82E /* [CP] Check Pods Manifest.lock */ = {
			isa = PBXShellScriptBuildPhase;
			buildActionMask = 2147483647;
			files = (
			);
			inputPaths = (
				"${PODS_PODFILE_DIR_PATH}/Podfile.lock",
				"${PODS_ROOT}/Manifest.lock",
			);
			name = "[CP] Check Pods Manifest.lock";
			outputPaths = (
				"$(DERIVED_FILE_DIR)/Pods-SwiftChat-checkManifestLockResult.txt",
			);
			runOnlyForDeploymentPostprocessing = 0;
			shellPath = /bin/sh;
			shellScript = "diff \"${PODS_PODFILE_DIR_PATH}/Podfile.lock\" \"${PODS_ROOT}/Manifest.lock\" > /dev/null\nif [ $? != 0 ] ; then\n    # print error to STDERR\n    echo \"error: The sandbox is not in sync with the Podfile.lock. Run 'pod install' or update your CocoaPods installation.\" >&2\n    exit 1\nfi\n# This output is used by Xcode 'outputs' to avoid re-running this script phase.\necho \"SUCCESS\" > \"${SCRIPT_OUTPUT_FILE_0}\"\n";
			showEnvVarsInLog = 0;
		};
		2F74EB26A247EA8C7D059C8F /* [CP] Check Pods Manifest.lock */ = {
			isa = PBXShellScriptBuildPhase;
			buildActionMask = 2147483647;
			files = (
			);
			inputPaths = (
				"${PODS_PODFILE_DIR_PATH}/Podfile.lock",
				"${PODS_ROOT}/Manifest.lock",
			);
			name = "[CP] Check Pods Manifest.lock";
			outputPaths = (
				"$(DERIVED_FILE_DIR)/Pods-SwiftChatUITests-checkManifestLockResult.txt",
			);
			runOnlyForDeploymentPostprocessing = 0;
			shellPath = /bin/sh;
			shellScript = "diff \"${PODS_PODFILE_DIR_PATH}/Podfile.lock\" \"${PODS_ROOT}/Manifest.lock\" > /dev/null\nif [ $? != 0 ] ; then\n    # print error to STDERR\n    echo \"error: The sandbox is not in sync with the Podfile.lock. Run 'pod install' or update your CocoaPods installation.\" >&2\n    exit 1\nfi\n# This output is used by Xcode 'outputs' to avoid re-running this script phase.\necho \"SUCCESS\" > \"${SCRIPT_OUTPUT_FILE_0}\"\n";
			showEnvVarsInLog = 0;
		};
		3C61D3E88FF5DCEB41C007C4 /* [CP] Copy Pods Resources */ = {
			isa = PBXShellScriptBuildPhase;
			buildActionMask = 2147483647;
			files = (
			);
			inputPaths = (
			);
			name = "[CP] Copy Pods Resources";
			outputPaths = (
			);
			runOnlyForDeploymentPostprocessing = 0;
			shellPath = /bin/sh;
			shellScript = "\"${SRCROOT}/Pods/Target Support Files/Pods-SwiftChatTests/Pods-SwiftChatTests-resources.sh\"\n";
			showEnvVarsInLog = 0;
		};
		8577710FA55B2DC84CCCC411 /* [CP] Embed Pods Frameworks */ = {
			isa = PBXShellScriptBuildPhase;
			buildActionMask = 2147483647;
			files = (
			);
			inputPaths = (
			);
			name = "[CP] Embed Pods Frameworks";
			outputPaths = (
			);
			runOnlyForDeploymentPostprocessing = 0;
			shellPath = /bin/sh;
			shellScript = "\"${SRCROOT}/Pods/Target Support Files/Pods-SwiftChatTests/Pods-SwiftChatTests-frameworks.sh\"\n";
			showEnvVarsInLog = 0;
		};
		AB6C20D0CB071D8615F99A6B /* [CP] Copy Pods Resources */ = {
			isa = PBXShellScriptBuildPhase;
			buildActionMask = 2147483647;
			files = (
			);
			inputPaths = (
			);
			name = "[CP] Copy Pods Resources";
			outputPaths = (
			);
			runOnlyForDeploymentPostprocessing = 0;
			shellPath = /bin/sh;
			shellScript = "\"${SRCROOT}/Pods/Target Support Files/Pods-SwiftChat/Pods-SwiftChat-resources.sh\"\n";
			showEnvVarsInLog = 0;
		};
		BD142A3993EB84154421430C /* [CP] Embed Pods Frameworks */ = {
			isa = PBXShellScriptBuildPhase;
			buildActionMask = 2147483647;
			files = (
			);
			inputPaths = (
				"${SRCROOT}/Pods/Target Support Files/Pods-SwiftChat/Pods-SwiftChat-frameworks.sh",
				"${BUILT_PRODUCTS_DIR}/GTMSessionFetcher/GTMSessionFetcher.framework",
				"${BUILT_PRODUCTS_DIR}/GoogleToolboxForMac/GoogleToolboxForMac.framework",
			);
			name = "[CP] Embed Pods Frameworks";
			outputPaths = (
				"${TARGET_BUILD_DIR}/${FRAMEWORKS_FOLDER_PATH}/GTMSessionFetcher.framework",
				"${TARGET_BUILD_DIR}/${FRAMEWORKS_FOLDER_PATH}/GoogleToolboxForMac.framework",
			);
			runOnlyForDeploymentPostprocessing = 0;
			shellPath = /bin/sh;
			shellScript = "\"${SRCROOT}/Pods/Target Support Files/Pods-SwiftChat/Pods-SwiftChat-frameworks.sh\"\n";
			showEnvVarsInLog = 0;
		};
		D2B3AC5070B72B436D5A04AF /* [CP] Check Pods Manifest.lock */ = {
			isa = PBXShellScriptBuildPhase;
			buildActionMask = 2147483647;
			files = (
			);
			inputPaths = (
				"${PODS_PODFILE_DIR_PATH}/Podfile.lock",
				"${PODS_ROOT}/Manifest.lock",
			);
			name = "[CP] Check Pods Manifest.lock";
			outputPaths = (
				"$(DERIVED_FILE_DIR)/Pods-SwiftChatTests-checkManifestLockResult.txt",
			);
			runOnlyForDeploymentPostprocessing = 0;
			shellPath = /bin/sh;
			shellScript = "diff \"${PODS_PODFILE_DIR_PATH}/Podfile.lock\" \"${PODS_ROOT}/Manifest.lock\" > /dev/null\nif [ $? != 0 ] ; then\n    # print error to STDERR\n    echo \"error: The sandbox is not in sync with the Podfile.lock. Run 'pod install' or update your CocoaPods installation.\" >&2\n    exit 1\nfi\n# This output is used by Xcode 'outputs' to avoid re-running this script phase.\necho \"SUCCESS\" > \"${SCRIPT_OUTPUT_FILE_0}\"\n";
			showEnvVarsInLog = 0;
		};
		E68868368ED0D2480E7A111D /* [CP] Copy Pods Resources */ = {
			isa = PBXShellScriptBuildPhase;
			buildActionMask = 2147483647;
			files = (
			);
			inputPaths = (
			);
			name = "[CP] Copy Pods Resources";
			outputPaths = (
			);
			runOnlyForDeploymentPostprocessing = 0;
			shellPath = /bin/sh;
			shellScript = "\"${SRCROOT}/Pods/Target Support Files/Pods-SwiftChatUITests/Pods-SwiftChatUITests-resources.sh\"\n";
			showEnvVarsInLog = 0;
		};
		E8EC747D903EEAE9CBC916DC /* [CP] Embed Pods Frameworks */ = {
			isa = PBXShellScriptBuildPhase;
			buildActionMask = 2147483647;
			files = (
			);
			inputPaths = (
			);
			name = "[CP] Embed Pods Frameworks";
			outputPaths = (
			);
			runOnlyForDeploymentPostprocessing = 0;
			shellPath = /bin/sh;
			shellScript = "\"${SRCROOT}/Pods/Target Support Files/Pods-SwiftChatUITests/Pods-SwiftChatUITests-frameworks.sh\"\n";
			showEnvVarsInLog = 0;
		};
/* End PBXShellScriptBuildPhase section */

/* Begin PBXSourcesBuildPhase section */
		FC7D5299201A3A4300808C95 /* Sources */ = {
			isa = PBXSourcesBuildPhase;
			buildActionMask = 2147483647;
			files = (
				FC48CD40202559FD00C680F9 /* ChatLogController.swift in Sources */,
				FC6243AA2043685B00B70740 /* OnlineUsersTableVC.swift in Sources */,
				FC7D52D1201A4A1200808C95 /* LoginController.swift in Sources */,
				FC48CD3B202559FD00C680F9 /* ComposeMessageController.swift in Sources */,
				FC48CD3D202559FD00C680F9 /* User.swift in Sources */,
				FC48CD3C202559FD00C680F9 /* Message.swift in Sources */,
				FC48CD3F202559FD00C680F9 /* ChatMessageCell.swift in Sources */,
				FC7D52A1201A3A4300808C95 /* AppDelegate.swift in Sources */,
				FC48CD3E202559FD00C680F9 /* UserTableCell.swift in Sources */,
				FC7D52A3201A3A4300808C95 /* MessagesTableVC.swift in Sources */,
			);
			runOnlyForDeploymentPostprocessing = 0;
		};
		FC7D52AF201A3A4400808C95 /* Sources */ = {
			isa = PBXSourcesBuildPhase;
			buildActionMask = 2147483647;
			files = (
				FC7D52B8201A3A4400808C95 /* SwiftChatTests.swift in Sources */,
			);
			runOnlyForDeploymentPostprocessing = 0;
		};
		FC7D52BA201A3A4400808C95 /* Sources */ = {
			isa = PBXSourcesBuildPhase;
			buildActionMask = 2147483647;
			files = (
				FC7D52C3201A3A4400808C95 /* SwiftChatUITests.swift in Sources */,
			);
			runOnlyForDeploymentPostprocessing = 0;
		};
/* End PBXSourcesBuildPhase section */

/* Begin PBXTargetDependency section */
		FC7D52B5201A3A4400808C95 /* PBXTargetDependency */ = {
			isa = PBXTargetDependency;
			target = FC7D529C201A3A4300808C95 /* SwiftChat */;
			targetProxy = FC7D52B4201A3A4400808C95 /* PBXContainerItemProxy */;
		};
		FC7D52C0201A3A4400808C95 /* PBXTargetDependency */ = {
			isa = PBXTargetDependency;
			target = FC7D529C201A3A4300808C95 /* SwiftChat */;
			targetProxy = FC7D52BF201A3A4400808C95 /* PBXContainerItemProxy */;
		};
/* End PBXTargetDependency section */

/* Begin PBXVariantGroup section */
		FC7D52A6201A3A4300808C95 /* Main.storyboard */ = {
			isa = PBXVariantGroup;
			children = (
				FC7D52A7201A3A4300808C95 /* Base */,
			);
			name = Main.storyboard;
			sourceTree = "<group>";
		};
		FC7D52AB201A3A4300808C95 /* LaunchScreen.storyboard */ = {
			isa = PBXVariantGroup;
			children = (
				FC7D52AC201A3A4300808C95 /* Base */,
			);
			name = LaunchScreen.storyboard;
			sourceTree = "<group>";
		};
/* End PBXVariantGroup section */

/* Begin XCBuildConfiguration section */
		FC7D52C5201A3A4400808C95 /* Debug */ = {
			isa = XCBuildConfiguration;
			buildSettings = {
				ALWAYS_SEARCH_USER_PATHS = NO;
				CLANG_ANALYZER_NONNULL = YES;
				CLANG_ANALYZER_NUMBER_OBJECT_CONVERSION = YES_AGGRESSIVE;
				CLANG_CXX_LANGUAGE_STANDARD = "gnu++14";
				CLANG_CXX_LIBRARY = "libc++";
				CLANG_ENABLE_MODULES = YES;
				CLANG_ENABLE_OBJC_ARC = YES;
				CLANG_WARN_BLOCK_CAPTURE_AUTORELEASING = YES;
				CLANG_WARN_BOOL_CONVERSION = YES;
				CLANG_WARN_COMMA = YES;
				CLANG_WARN_CONSTANT_CONVERSION = YES;
				CLANG_WARN_DIRECT_OBJC_ISA_USAGE = YES_ERROR;
				CLANG_WARN_DOCUMENTATION_COMMENTS = YES;
				CLANG_WARN_EMPTY_BODY = YES;
				CLANG_WARN_ENUM_CONVERSION = YES;
				CLANG_WARN_INFINITE_RECURSION = YES;
				CLANG_WARN_INT_CONVERSION = YES;
				CLANG_WARN_NON_LITERAL_NULL_CONVERSION = YES;
				CLANG_WARN_OBJC_LITERAL_CONVERSION = YES;
				CLANG_WARN_OBJC_ROOT_CLASS = YES_ERROR;
				CLANG_WARN_RANGE_LOOP_ANALYSIS = YES;
				CLANG_WARN_STRICT_PROTOTYPES = YES;
				CLANG_WARN_SUSPICIOUS_MOVE = YES;
				CLANG_WARN_UNGUARDED_AVAILABILITY = YES_AGGRESSIVE;
				CLANG_WARN_UNREACHABLE_CODE = YES;
				CLANG_WARN__DUPLICATE_METHOD_MATCH = YES;
				CODE_SIGN_IDENTITY = "iPhone Developer";
				COPY_PHASE_STRIP = NO;
				DEBUG_INFORMATION_FORMAT = dwarf;
				ENABLE_STRICT_OBJC_MSGSEND = YES;
				ENABLE_TESTABILITY = YES;
				GCC_C_LANGUAGE_STANDARD = gnu11;
				GCC_DYNAMIC_NO_PIC = NO;
				GCC_NO_COMMON_BLOCKS = YES;
				GCC_OPTIMIZATION_LEVEL = 0;
				GCC_PREPROCESSOR_DEFINITIONS = (
					"DEBUG=1",
					"$(inherited)",
				);
				GCC_WARN_64_TO_32_BIT_CONVERSION = YES;
				GCC_WARN_ABOUT_RETURN_TYPE = YES_ERROR;
				GCC_WARN_UNDECLARED_SELECTOR = YES;
				GCC_WARN_UNINITIALIZED_AUTOS = YES_AGGRESSIVE;
				GCC_WARN_UNUSED_FUNCTION = YES;
				GCC_WARN_UNUSED_VARIABLE = YES;
				IPHONEOS_DEPLOYMENT_TARGET = 11.1;
				MTL_ENABLE_DEBUG_INFO = YES;
				ONLY_ACTIVE_ARCH = YES;
				SDKROOT = iphoneos;
				SWIFT_ACTIVE_COMPILATION_CONDITIONS = DEBUG;
				SWIFT_OPTIMIZATION_LEVEL = "-Onone";
			};
			name = Debug;
		};
		FC7D52C6201A3A4400808C95 /* Release */ = {
			isa = XCBuildConfiguration;
			buildSettings = {
				ALWAYS_SEARCH_USER_PATHS = NO;
				CLANG_ANALYZER_NONNULL = YES;
				CLANG_ANALYZER_NUMBER_OBJECT_CONVERSION = YES_AGGRESSIVE;
				CLANG_CXX_LANGUAGE_STANDARD = "gnu++14";
				CLANG_CXX_LIBRARY = "libc++";
				CLANG_ENABLE_MODULES = YES;
				CLANG_ENABLE_OBJC_ARC = YES;
				CLANG_WARN_BLOCK_CAPTURE_AUTORELEASING = YES;
				CLANG_WARN_BOOL_CONVERSION = YES;
				CLANG_WARN_COMMA = YES;
				CLANG_WARN_CONSTANT_CONVERSION = YES;
				CLANG_WARN_DIRECT_OBJC_ISA_USAGE = YES_ERROR;
				CLANG_WARN_DOCUMENTATION_COMMENTS = YES;
				CLANG_WARN_EMPTY_BODY = YES;
				CLANG_WARN_ENUM_CONVERSION = YES;
				CLANG_WARN_INFINITE_RECURSION = YES;
				CLANG_WARN_INT_CONVERSION = YES;
				CLANG_WARN_NON_LITERAL_NULL_CONVERSION = YES;
				CLANG_WARN_OBJC_LITERAL_CONVERSION = YES;
				CLANG_WARN_OBJC_ROOT_CLASS = YES_ERROR;
				CLANG_WARN_RANGE_LOOP_ANALYSIS = YES;
				CLANG_WARN_STRICT_PROTOTYPES = YES;
				CLANG_WARN_SUSPICIOUS_MOVE = YES;
				CLANG_WARN_UNGUARDED_AVAILABILITY = YES_AGGRESSIVE;
				CLANG_WARN_UNREACHABLE_CODE = YES;
				CLANG_WARN__DUPLICATE_METHOD_MATCH = YES;
				CODE_SIGN_IDENTITY = "iPhone Developer";
				COPY_PHASE_STRIP = NO;
				DEBUG_INFORMATION_FORMAT = "dwarf-with-dsym";
				ENABLE_NS_ASSERTIONS = NO;
				ENABLE_STRICT_OBJC_MSGSEND = YES;
				GCC_C_LANGUAGE_STANDARD = gnu11;
				GCC_NO_COMMON_BLOCKS = YES;
				GCC_WARN_64_TO_32_BIT_CONVERSION = YES;
				GCC_WARN_ABOUT_RETURN_TYPE = YES_ERROR;
				GCC_WARN_UNDECLARED_SELECTOR = YES;
				GCC_WARN_UNINITIALIZED_AUTOS = YES_AGGRESSIVE;
				GCC_WARN_UNUSED_FUNCTION = YES;
				GCC_WARN_UNUSED_VARIABLE = YES;
				IPHONEOS_DEPLOYMENT_TARGET = 11.1;
				MTL_ENABLE_DEBUG_INFO = NO;
				SDKROOT = iphoneos;
				SWIFT_OPTIMIZATION_LEVEL = "-Owholemodule";
				VALIDATE_PRODUCT = YES;
			};
			name = Release;
		};
		FC7D52C8201A3A4400808C95 /* Debug */ = {
			isa = XCBuildConfiguration;
			baseConfigurationReference = 8BB948B1F2939072A2769244 /* Pods-SwiftChat.debug.xcconfig */;
			buildSettings = {
				ASSETCATALOG_COMPILER_APPICON_NAME = AppIcon;
				CODE_SIGN_STYLE = Manual;
				DEVELOPMENT_TEAM = "";
				INFOPLIST_FILE = SwiftChat/Info.plist;
				LD_RUNPATH_SEARCH_PATHS = "$(inherited) @executable_path/Frameworks";
				PRODUCT_BUNDLE_IDENTIFIER = "com.Jon-Reed.SwiftChat";
				PRODUCT_NAME = "$(TARGET_NAME)";
				PROVISIONING_PROFILE_SPECIFIER = "";
				SWIFT_VERSION = 4.0;
				TARGETED_DEVICE_FAMILY = "1,2";
			};
			name = Debug;
		};
		FC7D52C9201A3A4400808C95 /* Release */ = {
			isa = XCBuildConfiguration;
			baseConfigurationReference = 8304772433E4F5ED210C976C /* Pods-SwiftChat.release.xcconfig */;
			buildSettings = {
				ASSETCATALOG_COMPILER_APPICON_NAME = AppIcon;
				CODE_SIGN_STYLE = Manual;
				DEVELOPMENT_TEAM = "";
				INFOPLIST_FILE = SwiftChat/Info.plist;
				LD_RUNPATH_SEARCH_PATHS = "$(inherited) @executable_path/Frameworks";
				PRODUCT_BUNDLE_IDENTIFIER = "com.Jon-Reed.SwiftChat";
				PRODUCT_NAME = "$(TARGET_NAME)";
				PROVISIONING_PROFILE_SPECIFIER = "";
				SWIFT_VERSION = 4.0;
				TARGETED_DEVICE_FAMILY = "1,2";
			};
			name = Release;
		};
		FC7D52CB201A3A4400808C95 /* Debug */ = {
			isa = XCBuildConfiguration;
			baseConfigurationReference = 1C5022E449EA41531C5F1972 /* Pods-SwiftChatTests.debug.xcconfig */;
			buildSettings = {
				ALWAYS_EMBED_SWIFT_STANDARD_LIBRARIES = YES;
				BUNDLE_LOADER = "$(TEST_HOST)";
				CODE_SIGN_STYLE = Automatic;
				DEVELOPMENT_TEAM = 3ETPU36AS4;
				INFOPLIST_FILE = SwiftChatTests/Info.plist;
				LD_RUNPATH_SEARCH_PATHS = "$(inherited) @executable_path/Frameworks @loader_path/Frameworks";
				PRODUCT_BUNDLE_IDENTIFIER = "com.Jon-Reed.SwiftChatTests";
				PRODUCT_NAME = "$(TARGET_NAME)";
				SWIFT_VERSION = 4.0;
				TARGETED_DEVICE_FAMILY = "1,2";
				TEST_HOST = "$(BUILT_PRODUCTS_DIR)/SwiftChat.app/SwiftChat";
			};
			name = Debug;
		};
		FC7D52CC201A3A4400808C95 /* Release */ = {
			isa = XCBuildConfiguration;
			baseConfigurationReference = 8BB07DD7BD5E83D423498634 /* Pods-SwiftChatTests.release.xcconfig */;
			buildSettings = {
				ALWAYS_EMBED_SWIFT_STANDARD_LIBRARIES = YES;
				BUNDLE_LOADER = "$(TEST_HOST)";
				CODE_SIGN_STYLE = Automatic;
				DEVELOPMENT_TEAM = 3ETPU36AS4;
				INFOPLIST_FILE = SwiftChatTests/Info.plist;
				LD_RUNPATH_SEARCH_PATHS = "$(inherited) @executable_path/Frameworks @loader_path/Frameworks";
				PRODUCT_BUNDLE_IDENTIFIER = "com.Jon-Reed.SwiftChatTests";
				PRODUCT_NAME = "$(TARGET_NAME)";
				SWIFT_VERSION = 4.0;
				TARGETED_DEVICE_FAMILY = "1,2";
				TEST_HOST = "$(BUILT_PRODUCTS_DIR)/SwiftChat.app/SwiftChat";
			};
			name = Release;
		};
		FC7D52CE201A3A4400808C95 /* Debug */ = {
			isa = XCBuildConfiguration;
			baseConfigurationReference = 99FBA7DC62F20793B47C5BD9 /* Pods-SwiftChatUITests.debug.xcconfig */;
			buildSettings = {
				ALWAYS_EMBED_SWIFT_STANDARD_LIBRARIES = YES;
				CODE_SIGN_STYLE = Automatic;
				DEVELOPMENT_TEAM = 3ETPU36AS4;
				INFOPLIST_FILE = SwiftChatUITests/Info.plist;
				LD_RUNPATH_SEARCH_PATHS = "$(inherited) @executable_path/Frameworks @loader_path/Frameworks";
				PRODUCT_BUNDLE_IDENTIFIER = "com.Jon-Reed.SwiftChatUITests";
				PRODUCT_NAME = "$(TARGET_NAME)";
				SWIFT_VERSION = 4.0;
				TARGETED_DEVICE_FAMILY = "1,2";
				TEST_TARGET_NAME = SwiftChat;
			};
			name = Debug;
		};
		FC7D52CF201A3A4400808C95 /* Release */ = {
			isa = XCBuildConfiguration;
			baseConfigurationReference = 83311D31F281E94C5AD5653F /* Pods-SwiftChatUITests.release.xcconfig */;
			buildSettings = {
				ALWAYS_EMBED_SWIFT_STANDARD_LIBRARIES = YES;
				CODE_SIGN_STYLE = Automatic;
				DEVELOPMENT_TEAM = 3ETPU36AS4;
				INFOPLIST_FILE = SwiftChatUITests/Info.plist;
				LD_RUNPATH_SEARCH_PATHS = "$(inherited) @executable_path/Frameworks @loader_path/Frameworks";
				PRODUCT_BUNDLE_IDENTIFIER = "com.Jon-Reed.SwiftChatUITests";
				PRODUCT_NAME = "$(TARGET_NAME)";
				SWIFT_VERSION = 4.0;
				TARGETED_DEVICE_FAMILY = "1,2";
				TEST_TARGET_NAME = SwiftChat;
			};
			name = Release;
		};
/* End XCBuildConfiguration section */

/* Begin XCConfigurationList section */
		FC7D5298201A3A4300808C95 /* Build configuration list for PBXProject "SwiftChat" */ = {
			isa = XCConfigurationList;
			buildConfigurations = (
				FC7D52C5201A3A4400808C95 /* Debug */,
				FC7D52C6201A3A4400808C95 /* Release */,
			);
			defaultConfigurationIsVisible = 0;
			defaultConfigurationName = Release;
		};
		FC7D52C7201A3A4400808C95 /* Build configuration list for PBXNativeTarget "SwiftChat" */ = {
			isa = XCConfigurationList;
			buildConfigurations = (
				FC7D52C8201A3A4400808C95 /* Debug */,
				FC7D52C9201A3A4400808C95 /* Release */,
			);
			defaultConfigurationIsVisible = 0;
			defaultConfigurationName = Release;
		};
		FC7D52CA201A3A4400808C95 /* Build configuration list for PBXNativeTarget "SwiftChatTests" */ = {
			isa = XCConfigurationList;
			buildConfigurations = (
				FC7D52CB201A3A4400808C95 /* Debug */,
				FC7D52CC201A3A4400808C95 /* Release */,
			);
			defaultConfigurationIsVisible = 0;
			defaultConfigurationName = Release;
		};
		FC7D52CD201A3A4400808C95 /* Build configuration list for PBXNativeTarget "SwiftChatUITests" */ = {
			isa = XCConfigurationList;
			buildConfigurations = (
				FC7D52CE201A3A4400808C95 /* Debug */,
				FC7D52CF201A3A4400808C95 /* Release */,
			);
			defaultConfigurationIsVisible = 0;
			defaultConfigurationName = Release;
		};
/* End XCConfigurationList section */
	};
	rootObject = FC7D5295201A3A4300808C95 /* Project object */;
}
